<?xml version="1.0" encoding="utf-8"?>
<Project ToolsVersion="4.0" xmlns="http://schemas.microsoft.com/developer/msbuild/2003">
  <ItemGroup>
    <Filter Include="include">
      <UniqueIdentifier>{66e7d38e-cb54-4f07-86be-cb6f74f5495f}</UniqueIdentifier>
    </Filter>
    <Filter Include="include\graph">
      <UniqueIdentifier>{d18d959d-f503-4f78-b6f5-27174af4d99a}</UniqueIdentifier>
    </Filter>
    <Filter Include="include\algorithms">
      <UniqueIdentifier>{f7d6a84c-e9ea-4cf8-90eb-68a98fd3ea40}</UniqueIdentifier>
    </Filter>
    <Filter Include="include\algorithms\shortest_path">
      <UniqueIdentifier>{f03be4c7-6c10-4984-905d-8baf70252c23}</UniqueIdentifier>
    </Filter>
    <Filter Include="include\algorithms\traversal">
      <UniqueIdentifier>{9edfea53-9e4a-44ee-a769-307aa9847583}</UniqueIdentifier>
    </Filter>
    <Filter Include="src">
      <UniqueIdentifier>{9a226bef-b3da-4a84-9d19-bcb89b32fa04}</UniqueIdentifier>
    </Filter>
    <Filter Include="src\graph">
      <UniqueIdentifier>{0d67a9a5-fab0-4477-8b57-b0b054b52379}</UniqueIdentifier>
    </Filter>
    <Filter Include="src\algorithms">
      <UniqueIdentifier>{c143c9f1-338d-467e-9dd4-15d948c8b98a}</UniqueIdentifier>
    </Filter>
    <Filter Include="src\algorithms\traversal">
      <UniqueIdentifier>{89355982-ded9-4b24-b90d-9ecea66d3e30}</UniqueIdentifier>
    </Filter>
    <Filter Include="src\algorithms\shortest_path">
      <UniqueIdentifier>{e04a441b-9817-457f-bb33-37b08f6aeb7c}</UniqueIdentifier>
    </Filter>
  </ItemGroup>
  <ItemGroup>
    <ClInclude Include="..\include\algorithms\articulation_points.hpp">
      <Filter>include\algorithms</Filter>
    </ClInclude>
    <ClInclude Include="..\include\algorithms\bipartite_check.hpp">
      <Filter>include\algorithms</Filter>
    </ClInclude>
    <ClInclude Include="..\include\algorithms\strongly_connected_components.hpp">
      <Filter>include\algorithms</Filter>
    </ClInclude>
    <ClInclude Include="..\include\algorithms\topological_sort.hpp">
      <Filter>include\algorithms</Filter>
    </ClInclude>
    <ClInclude Include="..\include\algorithms\shortest_path\shortest_path_algorithms.hpp">
      <Filter>include\algorithms\shortest_path</Filter>
    </ClInclude>
    <ClInclude Include="..\include\graph\adjacency_list_graph.hpp">
      <Filter>include\graph</Filter>
    </ClInclude>
    <ClInclude Include="..\include\graph\adjacency_matrix_graph.hpp">
      <Filter>include\graph</Filter>
    </ClInclude>
    <ClInclude Include="..\include\graph\graph.hpp">
      <Filter>include\graph</Filter>
    </ClInclude>
    <ClInclude Include="..\include\graph\edge_list_graph.hpp">
      <Filter>include\graph</Filter>
    </ClInclude>
    <ClInclude Include="..\include\algorithms\traversal\traversal_algorithms.hpp">
      <Filter>include\algorithms\traversal</Filter>
    </ClInclude>
    <ClInclude Include="..\include\algorithms\graph_coloring.hpp" />
  </ItemGroup>
  <ItemGroup>
    <ClCompile Include="..\src\dungeonProblem.cpp">
      <Filter>src</Filter>
    </ClCompile>
    <ClCompile Include="..\src\easyAlgorithms.cpp">
      <Filter>src</Filter>
    </ClCompile>
    <ClCompile Include="..\src\main.cpp">
      <Filter>src</Filter>
    </ClCompile>
    <ClCompile Include="..\src\SSSP_DAG.cpp">
      <Filter>src</Filter>
    </ClCompile>
    <ClCompile Include="..\src\graph\adjacency_matrix_graph.cpp">
      <Filter>src\graph</Filter>
    </ClCompile>
    <ClCompile Include="..\src\algorithms\shortest_path\shortest_path_algorithms.cpp">
      <Filter>src\algorithms\shortest_path</Filter>
    </ClCompile>
    <ClCompile Include="..\src\algorithms\traversal\traversal_algorithms.cpp">
      <Filter>src\algorithms\traversal</Filter>
    </ClCompile>
    <ClCompile Include="..\src\topological_sort.cpp">
      <Filter>src</Filter>
    </ClCompile>
  </ItemGroup>
</Project>